
Microsoft Visual Studio Solution File, Format Version 12.00
# Visual Studio Version 17
VisualStudioVersion = 17.4.33213.308
MinimumVisualStudioVersion = 10.0.40219.1
Project("{00D1A9C2-B5F0-4AF3-8072-F6C62B433612}") = "AssemblyHttp", "AssemblyHttp.sqlproj", "{4AD18AAD-7A6B-4298-912D-10AB86ECA78E}"
EndProject
Global
	GlobalSection(SolutionConfigurationPlatforms) = preSolution
		Debug|Any CPU = Debug|Any CPU
		Release|Any CPU = Release|Any CPU
	EndGlobalSection
	GlobalSection(ProjectConfigurationPlatforms) = postSolution
		{4AD18AAD-7A6B-4298-912D-10AB86ECA78E}.Debug|Any CPU.ActiveCfg = Debug|Any CPU
		{4AD18AAD-7A6B-4298-912D-10AB86ECA78E}.Debug|Any CPU.Build.0 = Debug|Any CPU
		{4AD18AAD-7A6B-4298-912D-10AB86ECA78E}.Debug|Any CPU.Deploy.0 = Debug|Any CPU
		{4AD18AAD-7A6B-4298-912D-10AB86ECA78E}.Release|Any CPU.ActiveCfg = Release|Any CPU
		{4AD18AAD-7A6B-4298-912D-10AB86ECA78E}.Release|Any CPU.Build.0 = Release|Any CPU
		{4AD18AAD-7A6B-4298-912D-10AB86ECA78E}.Release|Any CPU.Deploy.0 = Release|Any CPU
	EndGlobalSection
	GlobalSection(SolutionProperties) = preSolution
		HideSolutionNode = FALSE
	EndGlobalSection
	GlobalSection(ExtensibilityGlobals) = postSolution
		SolutionGuid = {81E05547-5D84-428F-B6DA-7F65D7BEC694}
	EndGlobalSection
EndGlobal
